{
  "name": "omniguard-main-main",
  "lockfileVersion": 3,
  "requires": true,
  "packages": {
    "": {
      "dependencies": {
        "omniguard": "^0.1.0"
      }
    },
    "node_modules/omniguard": {
      "version": "0.1.0",
      "resolved": "https://registry.npmjs.org/omniguard/-/omniguard-0.1.0.tgz",
      "integrity": "sha512-iRoRbtTkFo4+3GRNxSWbsRIwLOjSgPO0Lxu6acTP6oPOsRGdiNAW0YTEDnAO3EuwlN3QL3CbEKJZbfkOryuOXQ==",
      "license": "MIT"
    }
  }
}
